
Microsoft Visual Studio Solution File, Format Version 12.00
# Visual Studio 2012
Project("{E24C65DC-7377-472B-9ABA-BC803B73C61A}") = "Mobile", "..\Mobile", "{E94AC4A2-EDEB-4BC9-9D42-90E787C3B8AB}"
	ProjectSection(WebsiteProperties) = preProject
		TargetFrameworkMoniker = ".NETFramework,Version%3Dv4.5"
		Debug.AspNetCompiler.VirtualPath = "/Mobile"
		Debug.AspNetCompiler.PhysicalPath = "..\Mobile\"
		Debug.AspNetCompiler.TargetPath = "PrecompiledWeb\Mobile\"
		Debug.AspNetCompiler.Updateable = "true"
		Debug.AspNetCompiler.ForceOverwrite = "true"
		Debug.AspNetCompiler.FixedNames = "false"
		Debug.AspNetCompiler.Debug = "True"
		Release.AspNetCompiler.VirtualPath = "/Mobile"
		Release.AspNetCompiler.PhysicalPath = "..\Mobile\"
		Release.AspNetCompiler.TargetPath = "PrecompiledWeb\Mobile\"
		Release.AspNetCompiler.Updateable = "true"
		Release.AspNetCompiler.ForceOverwrite = "true"
		Release.AspNetCompiler.FixedNames = "false"
		Release.AspNetCompiler.Debug = "False"
		VWDPort = "50467"
	EndProjectSection
EndProject
Global
	GlobalSection(SolutionConfigurationPlatforms) = preSolution
		Debug|Any CPU = Debug|Any CPU
	EndGlobalSection
	GlobalSection(ProjectConfigurationPlatforms) = postSolution
		{E94AC4A2-EDEB-4BC9-9D42-90E787C3B8AB}.Debug|Any CPU.ActiveCfg = Debug|Any CPU
		{E94AC4A2-EDEB-4BC9-9D42-90E787C3B8AB}.Debug|Any CPU.Build.0 = Debug|Any CPU
	EndGlobalSection
	GlobalSection(SolutionProperties) = preSolution
		HideSolutionNode = FALSE
	EndGlobalSection
EndGlobal
